
Microsoft Visual Studio Solution File, Format Version 12.00
# Visual Studio Version 16
VisualStudioVersion = 16.0.31424.327
MinimumVisualStudioVersion = 10.0.40219.1
Project("{FAE04EC0-301F-11D3-BF4B-00C04F79EFBC}") = "w4-h5-Dictionary-Demo", "w4-h5-Dictionary-Demo\w4-h5-Dictionary-Demo.csproj", "{DF6930B3-B334-4C17-8C89-3385178A97A7}"
EndProject
Global
	GlobalSection(SolutionConfigurationPlatforms) = preSolution
		Debug|Any CPU = Debug|Any CPU
		Release|Any CPU = Release|Any CPU
	EndGlobalSection
	GlobalSection(ProjectConfigurationPlatforms) = postSolution
		{DF6930B3-B334-4C17-8C89-3385178A97A7}.Debug|Any CPU.ActiveCfg = Debug|Any CPU
		{DF6930B3-B334-4C17-8C89-3385178A97A7}.Debug|Any CPU.Build.0 = Debug|Any CPU
		{DF6930B3-B334-4C17-8C89-3385178A97A7}.Release|Any CPU.ActiveCfg = Release|Any CPU
		{DF6930B3-B334-4C17-8C89-3385178A97A7}.Release|Any CPU.Build.0 = Release|Any CPU
	EndGlobalSection
	GlobalSection(SolutionProperties) = preSolution
		HideSolutionNode = FALSE
	EndGlobalSection
	GlobalSection(ExtensibilityGlobals) = postSolution
		SolutionGuid = {8C91EA4D-9E1D-450A-89C4-04C3E59E3724}
	EndGlobalSection
EndGlobal
