
Microsoft Visual Studio Solution File, Format Version 12.00
# Visual Studio Version 16
VisualStudioVersion = 16.0.31424.327
MinimumVisualStudioVersion = 10.0.40219.1
Project("{FAE04EC0-301F-11D3-BF4B-00C04F79EFBC}") = "w3-h2-ref-out-kavramlari", "w3-h2-ref-out-kavramlari\w3-h2-ref-out-kavramlari.csproj", "{0C539560-F012-412F-B4ED-1F34C558891F}"
EndProject
Global
	GlobalSection(SolutionConfigurationPlatforms) = preSolution
		Debug|Any CPU = Debug|Any CPU
		Release|Any CPU = Release|Any CPU
	EndGlobalSection
	GlobalSection(ProjectConfigurationPlatforms) = postSolution
		{0C539560-F012-412F-B4ED-1F34C558891F}.Debug|Any CPU.ActiveCfg = Debug|Any CPU
		{0C539560-F012-412F-B4ED-1F34C558891F}.Debug|Any CPU.Build.0 = Debug|Any CPU
		{0C539560-F012-412F-B4ED-1F34C558891F}.Release|Any CPU.ActiveCfg = Release|Any CPU
		{0C539560-F012-412F-B4ED-1F34C558891F}.Release|Any CPU.Build.0 = Release|Any CPU
	EndGlobalSection
	GlobalSection(SolutionProperties) = preSolution
		HideSolutionNode = FALSE
	EndGlobalSection
	GlobalSection(ExtensibilityGlobals) = postSolution
		SolutionGuid = {F00492FA-4D4E-45E0-A571-333D1E776D02}
	EndGlobalSection
EndGlobal
